{
  "name": "proyectofinalnacho",
  "version": "1.0.0",
  "lockfileVersion": 1,
  "requires": true,
  "dependencies": {
    "@fortawesome/fontawesome-free": {
      "version": "5.13.0",
      "resolved": "https://registry.npmjs.org/@fortawesome/fontawesome-free/-/fontawesome-free-5.13.0.tgz",
      "integrity": "sha512-xKOeQEl5O47GPZYIMToj6uuA2syyFlq9EMSl2ui0uytjY9xbe8XS0pexNWmxrdcCyNGyDmLyYw5FtKsalBUeOg=="
    },
    "@fullcalendar/core": {
      "version": "4.4.0",
      "resolved": "https://registry.npmjs.org/@fullcalendar/core/-/core-4.4.0.tgz",
      "integrity": "sha512-PC4mmXHJHAlXmUEmZVnePyA8yYCOBdxBNq8yjJqedEtT1X0x36yTFz/Y0Ux6bniICZDqYtk0xoxe6jaxi++e0g=="
    },
    "@fullcalendar/daygrid": {
      "version": "4.4.0",
      "resolved": "https://registry.npmjs.org/@fullcalendar/daygrid/-/daygrid-4.4.0.tgz",
      "integrity": "sha512-pDfvL0XZxKHTZ4VFOmwaYe3LmuABEIZsEopeqQ8y5O6BDen9KCbJqgHeCI8FpASSBd6bNlUx7il7EHdSoHhgIw=="
    },
    "bootstrap": {
      "version": "4.4.1",
      "resolved": "https://registry.npmjs.org/bootstrap/-/bootstrap-4.4.1.tgz",
      "integrity": "sha512-tbx5cHubwE6e2ZG7nqM3g/FZ5PQEDMWmMGNrCUBVRPHXTJaH7CBDdsLeu3eCh3B1tzAxTnAbtmrzvWEvT2NNEA=="
    },
    "hover.css": {
      "version": "2.3.2",
      "resolved": "https://registry.npmjs.org/hover.css/-/hover.css-2.3.2.tgz",
      "integrity": "sha1-8HGT2cdAnU45UTTTsiFbmetV4NM="
    },
    "sweetalert2": {
      "version": "9.10.12",
      "resolved": "https://registry.npmjs.org/sweetalert2/-/sweetalert2-9.10.12.tgz",
      "integrity": "sha512-RnarmbDGTPmwecJbaVdq5LvlzbVReIOtPk0huPnXOE19G00xMxGcTY0wjt9AjwsexUnLivLXc3b6nD6+D6NlGg=="
    },
    "trumbowyg": {
      "version": "2.21.0",
      "resolved": "https://registry.npmjs.org/trumbowyg/-/trumbowyg-2.21.0.tgz",
      "integrity": "sha512-TUatXrv2PgaYjgIZdh4G0UgZsFd9cmkw4ZGrQBWrXNDtf2cn+1TEgLGd/jVj0MWGxEYfbrZXmURf9UQlEMLGFg=="
    }
  }
}
